
Microsoft Visual Studio Solution File, Format Version 12.00
# Visual Studio Version 16
VisualStudioVersion = 16.0.33529.622
MinimumVisualStudioVersion = 10.0.40219.1
Project("{8BC9CEB8-8B4A-11D0-8D11-00A0C91BC942}") = "Jared-Daniels-CPT-168-A80S-Lab-10", "Jared-Daniels-CPT-168-A80S-Lab-10.vcxproj", "{03B26399-D6B8-40F7-843D-93112F00A52B}"
EndProject
Global
	GlobalSection(SolutionConfigurationPlatforms) = preSolution
		Debug|x64 = Debug|x64
		Debug|x86 = Debug|x86
		Release|x64 = Release|x64
		Release|x86 = Release|x86
	EndGlobalSection
	GlobalSection(ProjectConfigurationPlatforms) = postSolution
		{03B26399-D6B8-40F7-843D-93112F00A52B}.Debug|x64.ActiveCfg = Debug|x64
		{03B26399-D6B8-40F7-843D-93112F00A52B}.Debug|x64.Build.0 = Debug|x64
		{03B26399-D6B8-40F7-843D-93112F00A52B}.Debug|x86.ActiveCfg = Debug|Win32
		{03B26399-D6B8-40F7-843D-93112F00A52B}.Debug|x86.Build.0 = Debug|Win32
		{03B26399-D6B8-40F7-843D-93112F00A52B}.Release|x64.ActiveCfg = Release|x64
		{03B26399-D6B8-40F7-843D-93112F00A52B}.Release|x64.Build.0 = Release|x64
		{03B26399-D6B8-40F7-843D-93112F00A52B}.Release|x86.ActiveCfg = Release|Win32
		{03B26399-D6B8-40F7-843D-93112F00A52B}.Release|x86.Build.0 = Release|Win32
	EndGlobalSection
	GlobalSection(SolutionProperties) = preSolution
		HideSolutionNode = FALSE
	EndGlobalSection
	GlobalSection(ExtensibilityGlobals) = postSolution
		SolutionGuid = {35D3673B-CDB8-4AC3-961E-68567FBBB372}
	EndGlobalSection
EndGlobal
